// !$*UTF8*$!
{
	archiveVersion = 1;
	classes = {
	};
	objectVersion = 50;
	objects = {

/* Begin PBXBuildFile section */
		AD086316220392A400383F10 /* AppDelegate.swift in Sources */ = {isa = PBXBuildFile; fileRef = AD086315220392A400383F10 /* AppDelegate.swift */; };
		AD08631D220392A600383F10 /* Assets.xcassets in Resources */ = {isa = PBXBuildFile; fileRef = AD08631C220392A600383F10 /* Assets.xcassets */; };
		AD086320220392A600383F10 /* LaunchScreen.storyboard in Resources */ = {isa = PBXBuildFile; fileRef = AD08631E220392A600383F10 /* LaunchScreen.storyboard */; };
		AD08633622039C3900383F10 /* HouseTests.swift in Sources */ = {isa = PBXBuildFile; fileRef = AD08633522039C3900383F10 /* HouseTests.swift */; };
		AD08633922039E2F00383F10 /* House.swift in Sources */ = {isa = PBXBuildFile; fileRef = AD08633822039E2F00383F10 /* House.swift */; };
		AD08633B2203A6ED00383F10 /* Sigil.swift in Sources */ = {isa = PBXBuildFile; fileRef = AD08633A2203A6ED00383F10 /* Sigil.swift */; };
		AD08633D2203A8A500383F10 /* PersonTests.swift in Sources */ = {isa = PBXBuildFile; fileRef = AD08633C2203A8A500383F10 /* PersonTests.swift */; };
		AD08633F2203A9C000383F10 /* Person.swift in Sources */ = {isa = PBXBuildFile; fileRef = AD08633E2203A9C000383F10 /* Person.swift */; };
		AD600A8A2208EA50009C94CD /* HouseDetailViewController.swift in Sources */ = {isa = PBXBuildFile; fileRef = AD600A882208EA50009C94CD /* HouseDetailViewController.swift */; };
		AD600A8B2208EA50009C94CD /* HouseDetailViewController.xib in Resources */ = {isa = PBXBuildFile; fileRef = AD600A892208EA50009C94CD /* HouseDetailViewController.xib */; };
		AD600A952208FF76009C94CD /* UIViewController+Navigation.swift in Sources */ = {isa = PBXBuildFile; fileRef = AD600A942208FF76009C94CD /* UIViewController+Navigation.swift */; };
/* End PBXBuildFile section */

/* Begin PBXContainerItemProxy section */
		AD086327220392A600383F10 /* PBXContainerItemProxy */ = {
			isa = PBXContainerItemProxy;
			containerPortal = AD08630A220392A400383F10 /* Project object */;
			proxyType = 1;
			remoteGlobalIDString = AD086311220392A400383F10;
			remoteInfo = Westeros;
		};
/* End PBXContainerItemProxy section */

/* Begin PBXFileReference section */
		AD086312220392A400383F10 /* Westeros.app */ = {isa = PBXFileReference; explicitFileType = wrapper.application; includeInIndex = 0; path = Westeros.app; sourceTree = BUILT_PRODUCTS_DIR; };
		AD086315220392A400383F10 /* AppDelegate.swift */ = {isa = PBXFileReference; lastKnownFileType = sourcecode.swift; path = AppDelegate.swift; sourceTree = "<group>"; };
		AD08631C220392A600383F10 /* Assets.xcassets */ = {isa = PBXFileReference; lastKnownFileType = folder.assetcatalog; path = Assets.xcassets; sourceTree = "<group>"; };
		AD08631F220392A600383F10 /* Base */ = {isa = PBXFileReference; lastKnownFileType = file.storyboard; name = Base; path = Base.lproj/LaunchScreen.storyboard; sourceTree = "<group>"; };
		AD086321220392A600383F10 /* Info.plist */ = {isa = PBXFileReference; lastKnownFileType = text.plist.xml; path = Info.plist; sourceTree = "<group>"; };
		AD086326220392A600383F10 /* WesterosTests.xctest */ = {isa = PBXFileReference; explicitFileType = wrapper.cfbundle; includeInIndex = 0; path = WesterosTests.xctest; sourceTree = BUILT_PRODUCTS_DIR; };
		AD08632C220392A700383F10 /* Info.plist */ = {isa = PBXFileReference; lastKnownFileType = text.plist.xml; path = Info.plist; sourceTree = "<group>"; };
		AD08633522039C3900383F10 /* HouseTests.swift */ = {isa = PBXFileReference; lastKnownFileType = sourcecode.swift; path = HouseTests.swift; sourceTree = "<group>"; };
		AD08633822039E2F00383F10 /* House.swift */ = {isa = PBXFileReference; lastKnownFileType = sourcecode.swift; path = House.swift; sourceTree = "<group>"; };
		AD08633A2203A6ED00383F10 /* Sigil.swift */ = {isa = PBXFileReference; lastKnownFileType = sourcecode.swift; path = Sigil.swift; sourceTree = "<group>"; };
		AD08633C2203A8A500383F10 /* PersonTests.swift */ = {isa = PBXFileReference; lastKnownFileType = sourcecode.swift; path = PersonTests.swift; sourceTree = "<group>"; };
		AD08633E2203A9C000383F10 /* Person.swift */ = {isa = PBXFileReference; lastKnownFileType = sourcecode.swift; path = Person.swift; sourceTree = "<group>"; };
		AD600A882208EA50009C94CD /* HouseDetailViewController.swift */ = {isa = PBXFileReference; lastKnownFileType = sourcecode.swift; path = HouseDetailViewController.swift; sourceTree = "<group>"; };
		AD600A892208EA50009C94CD /* HouseDetailViewController.xib */ = {isa = PBXFileReference; lastKnownFileType = file.xib; path = HouseDetailViewController.xib; sourceTree = "<group>"; };
		AD600A942208FF76009C94CD /* UIViewController+Navigation.swift */ = {isa = PBXFileReference; lastKnownFileType = sourcecode.swift; path = "UIViewController+Navigation.swift"; sourceTree = "<group>"; };
/* End PBXFileReference section */

/* Begin PBXFrameworksBuildPhase section */
		AD08630F220392A400383F10 /* Frameworks */ = {
			isa = PBXFrameworksBuildPhase;
			buildActionMask = 2147483647;
			files = (
			);
			runOnlyForDeploymentPostprocessing = 0;
		};
		AD086323220392A600383F10 /* Frameworks */ = {
			isa = PBXFrameworksBuildPhase;
			buildActionMask = 2147483647;
			files = (
			);
			runOnlyForDeploymentPostprocessing = 0;
		};
/* End PBXFrameworksBuildPhase section */

/* Begin PBXGroup section */
		AD086309220392A400383F10 = {
			isa = PBXGroup;
			children = (
				AD086314220392A400383F10 /* Westeros */,
				AD086329220392A700383F10 /* WesterosTests */,
				AD086313220392A400383F10 /* Products */,
			);
			sourceTree = "<group>";
		};
		AD086313220392A400383F10 /* Products */ = {
			isa = PBXGroup;
			children = (
				AD086312220392A400383F10 /* Westeros.app */,
				AD086326220392A600383F10 /* WesterosTests.xctest */,
			);
			name = Products;
			sourceTree = "<group>";
		};
		AD086314220392A400383F10 /* Westeros */ = {
			isa = PBXGroup;
			children = (
				AD600A872208EA0A009C94CD /* Controllers */,
				AD08633722039E0C00383F10 /* Domain */,
				AD086315220392A400383F10 /* AppDelegate.swift */,
				AD08631C220392A600383F10 /* Assets.xcassets */,
				AD08631E220392A600383F10 /* LaunchScreen.storyboard */,
				AD086321220392A600383F10 /* Info.plist */,
				AD600A942208FF76009C94CD /* UIViewController+Navigation.swift */,
			);
			path = Westeros;
			sourceTree = "<group>";
		};
		AD086329220392A700383F10 /* WesterosTests */ = {
			isa = PBXGroup;
			children = (
				AD08632C220392A700383F10 /* Info.plist */,
				AD08633522039C3900383F10 /* HouseTests.swift */,
				AD08633C2203A8A500383F10 /* PersonTests.swift */,
			);
			path = WesterosTests;
			sourceTree = "<group>";
		};
		AD08633722039E0C00383F10 /* Domain */ = {
			isa = PBXGroup;
			children = (
				AD08633822039E2F00383F10 /* House.swift */,
				AD08633A2203A6ED00383F10 /* Sigil.swift */,
				AD08633E2203A9C000383F10 /* Person.swift */,
			);
			path = Domain;
			sourceTree = "<group>";
		};
		AD600A872208EA0A009C94CD /* Controllers */ = {
			isa = PBXGroup;
			children = (
				AD600A882208EA50009C94CD /* HouseDetailViewController.swift */,
				AD600A892208EA50009C94CD /* HouseDetailViewController.xib */,
			);
			path = Controllers;
			sourceTree = "<group>";
		};
/* End PBXGroup section */

/* Begin PBXNativeTarget section */
		AD086311220392A400383F10 /* Westeros */ = {
			isa = PBXNativeTarget;
			buildConfigurationList = AD08632F220392A700383F10 /* Build configuration list for PBXNativeTarget "Westeros" */;
			buildPhases = (
				AD08630E220392A400383F10 /* Sources */,
				AD08630F220392A400383F10 /* Frameworks */,
				AD086310220392A400383F10 /* Resources */,
			);
			buildRules = (
			);
			dependencies = (
			);
			name = Westeros;
			productName = Westeros;
			productReference = AD086312220392A400383F10 /* Westeros.app */;
			productType = "com.apple.product-type.application";
		};
		AD086325220392A600383F10 /* WesterosTests */ = {
			isa = PBXNativeTarget;
			buildConfigurationList = AD086332220392A700383F10 /* Build configuration list for PBXNativeTarget "WesterosTests" */;
			buildPhases = (
				AD086322220392A600383F10 /* Sources */,
				AD086323220392A600383F10 /* Frameworks */,
				AD086324220392A600383F10 /* Resources */,
			);
			buildRules = (
			);
			dependencies = (
				AD086328220392A600383F10 /* PBXTargetDependency */,
			);
			name = WesterosTests;
			productName = WesterosTests;
			productReference = AD086326220392A600383F10 /* WesterosTests.xctest */;
			productType = "com.apple.product-type.bundle.unit-test";
		};
/* End PBXNativeTarget section */

/* Begin PBXProject section */
		AD08630A220392A400383F10 /* Project object */ = {
			isa = PBXProject;
			attributes = {
				LastSwiftUpdateCheck = 1010;
				LastUpgradeCheck = 1010;
				ORGANIZATIONNAME = "Eric Sans Alvarez";
				TargetAttributes = {
					AD086311220392A400383F10 = {
						CreatedOnToolsVersion = 10.1;
					};
					AD086325220392A600383F10 = {
						CreatedOnToolsVersion = 10.1;
						LastSwiftMigration = 1010;
						TestTargetID = AD086311220392A400383F10;
					};
				};
			};
			buildConfigurationList = AD08630D220392A400383F10 /* Build configuration list for PBXProject "Westeros" */;
			compatibilityVersion = "Xcode 9.3";
			developmentRegion = en;
			hasScannedForEncodings = 0;
			knownRegions = (
				en,
				Base,
			);
			mainGroup = AD086309220392A400383F10;
			productRefGroup = AD086313220392A400383F10 /* Products */;
			projectDirPath = "";
			projectRoot = "";
			targets = (
				AD086311220392A400383F10 /* Westeros */,
				AD086325220392A600383F10 /* WesterosTests */,
			);
		};
/* End PBXProject section */

/* Begin PBXResourcesBuildPhase section */
		AD086310220392A400383F10 /* Resources */ = {
			isa = PBXResourcesBuildPhase;
			buildActionMask = 2147483647;
			files = (
				AD086320220392A600383F10 /* LaunchScreen.storyboard in Resources */,
				AD08631D220392A600383F10 /* Assets.xcassets in Resources */,
				AD600A8B2208EA50009C94CD /* HouseDetailViewController.xib in Resources */,
			);
			runOnlyForDeploymentPostprocessing = 0;
		};
		AD086324220392A600383F10 /* Resources */ = {
			isa = PBXResourcesBuildPhase;
			buildActionMask = 2147483647;
			files = (
			);
			runOnlyForDeploymentPostprocessing = 0;
		};
/* End PBXResourcesBuildPhase section */

/* Begin PBXSourcesBuildPhase section */
		AD08630E220392A400383F10 /* Sources */ = {
			isa = PBXSourcesBuildPhase;
			buildActionMask = 2147483647;
			files = (
				AD600A952208FF76009C94CD /* UIViewController+Navigation.swift in Sources */,
				AD600A8A2208EA50009C94CD /* HouseDetailViewController.swift in Sources */,
				AD08633B2203A6ED00383F10 /* Sigil.swift in Sources */,
				AD08633922039E2F00383F10 /* House.swift in Sources */,
				AD086316220392A400383F10 /* AppDelegate.swift in Sources */,
				AD08633F2203A9C000383F10 /* Person.swift in Sources */,
			);
			runOnlyForDeploymentPostprocessing = 0;
		};
		AD086322220392A600383F10 /* Sources */ = {
			isa = PBXSourcesBuildPhase;
			buildActionMask = 2147483647;
			files = (
				AD08633622039C3900383F10 /* HouseTests.swift in Sources */,
				AD08633D2203A8A500383F10 /* PersonTests.swift in Sources */,
			);
			runOnlyForDeploymentPostprocessing = 0;
		};
/* End PBXSourcesBuildPhase section */

/* Begin PBXTargetDependency section */
		AD086328220392A600383F10 /* PBXTargetDependency */ = {
			isa = PBXTargetDependency;
			target = AD086311220392A400383F10 /* Westeros */;
			targetProxy = AD086327220392A600383F10 /* PBXContainerItemProxy */;
		};
/* End PBXTargetDependency section */

/* Begin PBXVariantGroup section */
		AD08631E220392A600383F10 /* LaunchScreen.storyboard */ = {
			isa = PBXVariantGroup;
			children = (
				AD08631F220392A600383F10 /* Base */,
			);
			name = LaunchScreen.storyboard;
			sourceTree = "<group>";
		};
/* End PBXVariantGroup section */

/* Begin XCBuildConfiguration section */
		AD08632D220392A700383F10 /* Debug */ = {
			isa = XCBuildConfiguration;
			buildSettings = {
				ALWAYS_SEARCH_USER_PATHS = NO;
				CLANG_ANALYZER_NONNULL = YES;
				CLANG_ANALYZER_NUMBER_OBJECT_CONVERSION = YES_AGGRESSIVE;
				CLANG_CXX_LANGUAGE_STANDARD = "gnu++14";
				CLANG_CXX_LIBRARY = "libc++";
				CLANG_ENABLE_MODULES = YES;
				CLANG_ENABLE_OBJC_ARC = YES;
				CLANG_ENABLE_OBJC_WEAK = YES;
				CLANG_WARN_BLOCK_CAPTURE_AUTORELEASING = YES;
				CLANG_WARN_BOOL_CONVERSION = YES;
				CLANG_WARN_COMMA = YES;
				CLANG_WARN_CONSTANT_CONVERSION = YES;
				CLANG_WARN_DEPRECATED_OBJC_IMPLEMENTATIONS = YES;
				CLANG_WARN_DIRECT_OBJC_ISA_USAGE = YES_ERROR;
				CLANG_WARN_DOCUMENTATION_COMMENTS = YES;
				CLANG_WARN_EMPTY_BODY = YES;
				CLANG_WARN_ENUM_CONVERSION = YES;
				CLANG_WARN_INFINITE_RECURSION = YES;
				CLANG_WARN_INT_CONVERSION = YES;
				CLANG_WARN_NON_LITERAL_NULL_CONVERSION = YES;
				CLANG_WARN_OBJC_IMPLICIT_RETAIN_SELF = YES;
				CLANG_WARN_OBJC_LITERAL_CONVERSION = YES;
				CLANG_WARN_OBJC_ROOT_CLASS = YES_ERROR;
				CLANG_WARN_RANGE_LOOP_ANALYSIS = YES;
				CLANG_WARN_STRICT_PROTOTYPES = YES;
				CLANG_WARN_SUSPICIOUS_MOVE = YES;
				CLANG_WARN_UNGUARDED_AVAILABILITY = YES_AGGRESSIVE;
				CLANG_WARN_UNREACHABLE_CODE = YES;
				CLANG_WARN__DUPLICATE_METHOD_MATCH = YES;
				CODE_SIGN_IDENTITY = "iPhone Developer";
				COPY_PHASE_STRIP = NO;
				DEBUG_INFORMATION_FORMAT = dwarf;
				ENABLE_STRICT_OBJC_MSGSEND = YES;
				ENABLE_TESTABILITY = YES;
				GCC_C_LANGUAGE_STANDARD = gnu11;
				GCC_DYNAMIC_NO_PIC = NO;
				GCC_NO_COMMON_BLOCKS = YES;
				GCC_OPTIMIZATION_LEVEL = 0;
				GCC_PREPROCESSOR_DEFINITIONS = (
					"DEBUG=1",
					"$(inherited)",
				);
				GCC_WARN_64_TO_32_BIT_CONVERSION = YES;
				GCC_WARN_ABOUT_RETURN_TYPE = YES_ERROR;
				GCC_WARN_UNDECLARED_SELECTOR = YES;
				GCC_WARN_UNINITIALIZED_AUTOS = YES_AGGRESSIVE;
				GCC_WARN_UNUSED_FUNCTION = YES;
				GCC_WARN_UNUSED_VARIABLE = YES;
				IPHONEOS_DEPLOYMENT_TARGET = 12.1;
				MTL_ENABLE_DEBUG_INFO = INCLUDE_SOURCE;
				MTL_FAST_MATH = YES;
				ONLY_ACTIVE_ARCH = YES;
				SDKROOT = iphoneos;
				SWIFT_ACTIVE_COMPILATION_CONDITIONS = DEBUG;
				SWIFT_OPTIMIZATION_LEVEL = "-Onone";
			};
			name = Debug;
		};
		AD08632E220392A700383F10 /* Release */ = {
			isa = XCBuildConfiguration;
			buildSettings = {
				ALWAYS_SEARCH_USER_PATHS = NO;
				CLANG_ANALYZER_NONNULL = YES;
				CLANG_ANALYZER_NUMBER_OBJECT_CONVERSION = YES_AGGRESSIVE;
				CLANG_CXX_LANGUAGE_STANDARD = "gnu++14";
				CLANG_CXX_LIBRARY = "libc++";
				CLANG_ENABLE_MODULES = YES;
				CLANG_ENABLE_OBJC_ARC = YES;
				CLANG_ENABLE_OBJC_WEAK = YES;
				CLANG_WARN_BLOCK_CAPTURE_AUTORELEASING = YES;
				CLANG_WARN_BOOL_CONVERSION = YES;
				CLANG_WARN_COMMA = YES;
				CLANG_WARN_CONSTANT_CONVERSION = YES;
				CLANG_WARN_DEPRECATED_OBJC_IMPLEMENTATIONS = YES;
				CLANG_WARN_DIRECT_OBJC_ISA_USAGE = YES_ERROR;
				CLANG_WARN_DOCUMENTATION_COMMENTS = YES;
				CLANG_WARN_EMPTY_BODY = YES;
				CLANG_WARN_ENUM_CONVERSION = YES;
				CLANG_WARN_INFINITE_RECURSION = YES;
				CLANG_WARN_INT_CONVERSION = YES;
				CLANG_WARN_NON_LITERAL_NULL_CONVERSION = YES;
				CLANG_WARN_OBJC_IMPLICIT_RETAIN_SELF = YES;
				CLANG_WARN_OBJC_LITERAL_CONVERSION = YES;
				CLANG_WARN_OBJC_ROOT_CLASS = YES_ERROR;
				CLANG_WARN_RANGE_LOOP_ANALYSIS = YES;
				CLANG_WARN_STRICT_PROTOTYPES = YES;
				CLANG_WARN_SUSPICIOUS_MOVE = YES;
				CLANG_WARN_UNGUARDED_AVAILABILITY = YES_AGGRESSIVE;
				CLANG_WARN_UNREACHABLE_CODE = YES;
				CLANG_WARN__DUPLICATE_METHOD_MATCH = YES;
				CODE_SIGN_IDENTITY = "iPhone Developer";
				COPY_PHASE_STRIP = NO;
				DEBUG_INFORMATION_FORMAT = "dwarf-with-dsym";
				ENABLE_NS_ASSERTIONS = NO;
				ENABLE_STRICT_OBJC_MSGSEND = YES;
				GCC_C_LANGUAGE_STANDARD = gnu11;
				GCC_NO_COMMON_BLOCKS = YES;
				GCC_WARN_64_TO_32_BIT_CONVERSION = YES;
				GCC_WARN_ABOUT_RETURN_TYPE = YES_ERROR;
				GCC_WARN_UNDECLARED_SELECTOR = YES;
				GCC_WARN_UNINITIALIZED_AUTOS = YES_AGGRESSIVE;
				GCC_WARN_UNUSED_FUNCTION = YES;
				GCC_WARN_UNUSED_VARIABLE = YES;
				IPHONEOS_DEPLOYMENT_TARGET = 12.1;
				MTL_ENABLE_DEBUG_INFO = NO;
				MTL_FAST_MATH = YES;
				SDKROOT = iphoneos;
				SWIFT_COMPILATION_MODE = wholemodule;
				SWIFT_OPTIMIZATION_LEVEL = "-O";
				VALIDATE_PRODUCT = YES;
			};
			name = Release;
		};
		AD086330220392A700383F10 /* Debug */ = {
			isa = XCBuildConfiguration;
			buildSettings = {
				ASSETCATALOG_COMPILER_APPICON_NAME = AppIcon;
				CODE_SIGN_STYLE = Automatic;
				DEVELOPMENT_TEAM = 3JXBHZFM5Y;
				INFOPLIST_FILE = Westeros/Info.plist;
				LD_RUNPATH_SEARCH_PATHS = (
					"$(inherited)",
					"@executable_path/Frameworks",
				);
				PRODUCT_BUNDLE_IDENTIFIER = com.cocoataster.Westeros;
				PRODUCT_NAME = "$(TARGET_NAME)";
				SWIFT_VERSION = 4.2;
				TARGETED_DEVICE_FAMILY = "1,2";
			};
			name = Debug;
		};
		AD086331220392A700383F10 /* Release */ = {
			isa = XCBuildConfiguration;
			buildSettings = {
				ASSETCATALOG_COMPILER_APPICON_NAME = AppIcon;
				CODE_SIGN_STYLE = Automatic;
				DEVELOPMENT_TEAM = 3JXBHZFM5Y;
				INFOPLIST_FILE = Westeros/Info.plist;
				LD_RUNPATH_SEARCH_PATHS = (
					"$(inherited)",
					"@executable_path/Frameworks",
				);
				PRODUCT_BUNDLE_IDENTIFIER = com.cocoataster.Westeros;
				PRODUCT_NAME = "$(TARGET_NAME)";
				SWIFT_VERSION = 4.2;
				TARGETED_DEVICE_FAMILY = "1,2";
			};
			name = Release;
		};
		AD086333220392A700383F10 /* Debug */ = {
			isa = XCBuildConfiguration;
			buildSettings = {
				ALWAYS_EMBED_SWIFT_STANDARD_LIBRARIES = YES;
				BUNDLE_LOADER = "$(TEST_HOST)";
				CLANG_ENABLE_MODULES = YES;
				CODE_SIGN_STYLE = Automatic;
				DEVELOPMENT_TEAM = 3JXBHZFM5Y;
				INFOPLIST_FILE = WesterosTests/Info.plist;
				LD_RUNPATH_SEARCH_PATHS = (
					"$(inherited)",
					"@executable_path/Frameworks",
					"@loader_path/Frameworks",
				);
				PRODUCT_BUNDLE_IDENTIFIER = com.cocoataster.WesterosTests;
				PRODUCT_NAME = "$(TARGET_NAME)";
				SWIFT_OPTIMIZATION_LEVEL = "-Onone";
				SWIFT_VERSION = 4.2;
				TARGETED_DEVICE_FAMILY = "1,2";
				TEST_HOST = "$(BUILT_PRODUCTS_DIR)/Westeros.app/Westeros";
			};
			name = Debug;
		};
		AD086334220392A700383F10 /* Release */ = {
			isa = XCBuildConfiguration;
			buildSettings = {
				ALWAYS_EMBED_SWIFT_STANDARD_LIBRARIES = YES;
				BUNDLE_LOADER = "$(TEST_HOST)";
				CLANG_ENABLE_MODULES = YES;
				CODE_SIGN_STYLE = Automatic;
				DEVELOPMENT_TEAM = 3JXBHZFM5Y;
				INFOPLIST_FILE = WesterosTests/Info.plist;
				LD_RUNPATH_SEARCH_PATHS = (
					"$(inherited)",
					"@executable_path/Frameworks",
					"@loader_path/Frameworks",
				);
				PRODUCT_BUNDLE_IDENTIFIER = com.cocoataster.WesterosTests;
				PRODUCT_NAME = "$(TARGET_NAME)";
				SWIFT_VERSION = 4.2;
				TARGETED_DEVICE_FAMILY = "1,2";
				TEST_HOST = "$(BUILT_PRODUCTS_DIR)/Westeros.app/Westeros";
			};
			name = Release;
		};
/* End XCBuildConfiguration section */

/* Begin XCConfigurationList section */
		AD08630D220392A400383F10 /* Build configuration list for PBXProject "Westeros" */ = {
			isa = XCConfigurationList;
			buildConfigurations = (
				AD08632D220392A700383F10 /* Debug */,
				AD08632E220392A700383F10 /* Release */,
			);
			defaultConfigurationIsVisible = 0;
			defaultConfigurationName = Release;
		};
		AD08632F220392A700383F10 /* Build configuration list for PBXNativeTarget "Westeros" */ = {
			isa = XCConfigurationList;
			buildConfigurations = (
				AD086330220392A700383F10 /* Debug */,
				AD086331220392A700383F10 /* Release */,
			);
			defaultConfigurationIsVisible = 0;
			defaultConfigurationName = Release;
		};
		AD086332220392A700383F10 /* Build configuration list for PBXNativeTarget "WesterosTests" */ = {
			isa = XCConfigurationList;
			buildConfigurations = (
				AD086333220392A700383F10 /* Debug */,
				AD086334220392A700383F10 /* Release */,
			);
			defaultConfigurationIsVisible = 0;
			defaultConfigurationName = Release;
		};
/* End XCConfigurationList section */
	};
	rootObject = AD08630A220392A400383F10 /* Project object */;
}
